Microsoft Visual Studio Solution File, Format Version 8.00
Project("{8BC9CEB8-8B4A-11D0-8D11-00A0C91BC942}") = "JNIWrapperSampleDLL", "JNIWrapperSampleDLL.vcproj", "{4A28D872-E4B0-4947-823C-0768EF4B19CF}"
	ProjectSection(ProjectDependencies) = postProject
	EndProjectSection
EndProject
Global
	GlobalSection(SolutionConfiguration) = preSolution
		Debug = Debug
		Release = Release
	EndGlobalSection
	GlobalSection(ProjectConfiguration) = postSolution
		{4A28D872-E4B0-4947-823C-0768EF4B19CF}.Debug.ActiveCfg = Debug|Win32
		{4A28D872-E4B0-4947-823C-0768EF4B19CF}.Debug.Build.0 = Debug|Win32
		{4A28D872-E4B0-4947-823C-0768EF4B19CF}.Release.ActiveCfg = Release|Win32
		{4A28D872-E4B0-4947-823C-0768EF4B19CF}.Release.Build.0 = Release|Win32
	EndGlobalSection
	GlobalSection(ExtensibilityGlobals) = postSolution
	EndGlobalSection
	GlobalSection(ExtensibilityAddIns) = postSolution
	EndGlobalSection
EndGlobal
